
Microsoft Visual Studio Solution File, Format Version 12.00
# Visual Studio 14
VisualStudioVersion = 14.0.25420.1
MinimumVisualStudioVersion = 10.0.40219.1
Project("{FAE04EC0-301F-11D3-BF4B-00C04F79EFBC}") = "DataBase", "DateBase\DataBase.csproj", "{4BB8B811-B6B0-4B93-AF6A-432F0B9A126C}"
EndProject
Project("{FAE04EC0-301F-11D3-BF4B-00C04F79EFBC}") = "ConverterTest", "ConverterTest\ConverterTest.csproj", "{9888A11C-1602-4A4A-AD18-E4DD6A289AB0}"
EndProject
Global
	GlobalSection(SolutionConfigurationPlatforms) = preSolution
		Debug|Any CPU = Debug|Any CPU
		Debug|x64 = Debug|x64
		Release|Any CPU = Release|Any CPU
		Release|x64 = Release|x64
	EndGlobalSection
	GlobalSection(ProjectConfigurationPlatforms) = postSolution
		{4BB8B811-B6B0-4B93-AF6A-432F0B9A126C}.Debug|Any CPU.ActiveCfg = Debug|Any CPU
		{4BB8B811-B6B0-4B93-AF6A-432F0B9A126C}.Debug|Any CPU.Build.0 = Debug|Any CPU
		{4BB8B811-B6B0-4B93-AF6A-432F0B9A126C}.Debug|x64.ActiveCfg = Debug|x64
		{4BB8B811-B6B0-4B93-AF6A-432F0B9A126C}.Debug|x64.Build.0 = Debug|x64
		{4BB8B811-B6B0-4B93-AF6A-432F0B9A126C}.Release|Any CPU.ActiveCfg = Release|Any CPU
		{4BB8B811-B6B0-4B93-AF6A-432F0B9A126C}.Release|Any CPU.Build.0 = Release|Any CPU
		{4BB8B811-B6B0-4B93-AF6A-432F0B9A126C}.Release|x64.ActiveCfg = Release|x64
		{4BB8B811-B6B0-4B93-AF6A-432F0B9A126C}.Release|x64.Build.0 = Release|x64
		{9888A11C-1602-4A4A-AD18-E4DD6A289AB0}.Debug|Any CPU.ActiveCfg = Debug|x64
		{9888A11C-1602-4A4A-AD18-E4DD6A289AB0}.Debug|Any CPU.Build.0 = Debug|x64
		{9888A11C-1602-4A4A-AD18-E4DD6A289AB0}.Debug|x64.ActiveCfg = Debug|x64
		{9888A11C-1602-4A4A-AD18-E4DD6A289AB0}.Debug|x64.Build.0 = Debug|x64
		{9888A11C-1602-4A4A-AD18-E4DD6A289AB0}.Release|Any CPU.ActiveCfg = Release|Any CPU
		{9888A11C-1602-4A4A-AD18-E4DD6A289AB0}.Release|Any CPU.Build.0 = Release|Any CPU
		{9888A11C-1602-4A4A-AD18-E4DD6A289AB0}.Release|x64.ActiveCfg = Release|x64
		{9888A11C-1602-4A4A-AD18-E4DD6A289AB0}.Release|x64.Build.0 = Release|x64
	EndGlobalSection
	GlobalSection(SolutionProperties) = preSolution
		HideSolutionNode = FALSE
	EndGlobalSection
EndGlobal
