
Microsoft Visual Studio Solution File, Format Version 12.00
# Visual Studio 14
VisualStudioVersion = 14.0.25420.1
MinimumVisualStudioVersion = 10.0.40219.1
Project("{FAE04EC0-301F-11D3-BF4B-00C04F79EFBC}") = "DataBase", "DateBase\DataBase.csproj", "{4BB8B811-B6B0-4B93-AF6A-432F0B9A126C}"
EndProject
Project("{FAE04EC0-301F-11D3-BF4B-00C04F79EFBC}") = "ConverterTest", "ConverterTest\ConverterTest.csproj", "{9888A11C-1602-4A4A-AD18-E4DD6A289AB0}"
EndProject
Project("{FAE04EC0-301F-11D3-BF4B-00C04F79EFBC}") = "SEO", "SEO\SEO.csproj", "{4F89159F-8AA7-4B7B-917C-817C8DF51E72}"
EndProject
Project("{FAE04EC0-301F-11D3-BF4B-00C04F79EFBC}") = "SEO.Tests", "SEO.Tests\SEO.Tests.csproj", "{2722842E-48C8-45CA-9DE0-304B8B7E20DE}"
EndProject
Global
	GlobalSection(SolutionConfigurationPlatforms) = preSolution
		Debug|Any CPU = Debug|Any CPU
		Release|Any CPU = Release|Any CPU
	EndGlobalSection
	GlobalSection(ProjectConfigurationPlatforms) = postSolution
		{4BB8B811-B6B0-4B93-AF6A-432F0B9A126C}.Debug|Any CPU.ActiveCfg = Debug|Any CPU
		{4BB8B811-B6B0-4B93-AF6A-432F0B9A126C}.Debug|Any CPU.Build.0 = Debug|Any CPU
		{4BB8B811-B6B0-4B93-AF6A-432F0B9A126C}.Release|Any CPU.ActiveCfg = Release|Any CPU
		{4BB8B811-B6B0-4B93-AF6A-432F0B9A126C}.Release|Any CPU.Build.0 = Release|Any CPU
		{9888A11C-1602-4A4A-AD18-E4DD6A289AB0}.Debug|Any CPU.ActiveCfg = Debug|Any CPU
		{9888A11C-1602-4A4A-AD18-E4DD6A289AB0}.Debug|Any CPU.Build.0 = Debug|Any CPU
		{9888A11C-1602-4A4A-AD18-E4DD6A289AB0}.Release|Any CPU.ActiveCfg = Release|Any CPU
		{9888A11C-1602-4A4A-AD18-E4DD6A289AB0}.Release|Any CPU.Build.0 = Release|Any CPU
		{4F89159F-8AA7-4B7B-917C-817C8DF51E72}.Debug|Any CPU.ActiveCfg = Debug|Any CPU
		{4F89159F-8AA7-4B7B-917C-817C8DF51E72}.Debug|Any CPU.Build.0 = Debug|Any CPU
		{4F89159F-8AA7-4B7B-917C-817C8DF51E72}.Release|Any CPU.ActiveCfg = Release|Any CPU
		{4F89159F-8AA7-4B7B-917C-817C8DF51E72}.Release|Any CPU.Build.0 = Release|Any CPU
		{2722842E-48C8-45CA-9DE0-304B8B7E20DE}.Debug|Any CPU.ActiveCfg = Debug|Any CPU
		{2722842E-48C8-45CA-9DE0-304B8B7E20DE}.Debug|Any CPU.Build.0 = Debug|Any CPU
		{2722842E-48C8-45CA-9DE0-304B8B7E20DE}.Release|Any CPU.ActiveCfg = Release|Any CPU
		{2722842E-48C8-45CA-9DE0-304B8B7E20DE}.Release|Any CPU.Build.0 = Release|Any CPU
	EndGlobalSection
	GlobalSection(SolutionProperties) = preSolution
		HideSolutionNode = FALSE
	EndGlobalSection
EndGlobal
